<?xml version="1.0" encoding="utf-8"?>
<Project ToolsVersion="4.0" xmlns="http://schemas.microsoft.com/developer/msbuild/2003">
  <ItemGroup>
    <Filter Include="Source Files">
      <UniqueIdentifier>{4FC737F1-C7A5-4376-A066-2A32D752A2FF}</UniqueIdentifier>
      <Extensions>cpp;c;cc;cxx;def;odl;idl;hpj;bat;asm;asmx</Extensions>
    </Filter>
    <Filter Include="Header Files">
      <UniqueIdentifier>{93995380-89BD-4b04-88EB-625FBE52EBFB}</UniqueIdentifier>
      <Extensions>h;hh;hpp;hxx;hm;inl;inc;ipp;xsd</Extensions>
    </Filter>
    <Filter Include="Resource Files">
      <UniqueIdentifier>{67DA6AB6-F800-4c08-8B7A-83BB121AAD01}</UniqueIdentifier>
      <Extensions>rc;ico;cur;bmp;dlg;rc2;rct;bin;rgs;gif;jpg;jpeg;jpe;resx;tiff;tif;png;wav;mfcribbon-ms</Extensions>
    </Filter>
  </ItemGroup>
  <ItemGroup>
    <ClCompile Include="..\libs\glew-2.2.0\src\glew.c">
      <Filter>Source Files</Filter>
    </ClCompile>
    <ClCompile Include="Emulator\CPU\COP\COP2.cpp">
      <Filter>Source Files</Filter>
    </ClCompile>
    <ClCompile Include="Emulator\CPU\CPU.cpp">
      <Filter>Source Files</Filter>
    </ClCompile>
    <ClCompile Include="Emulator\CPU\Instruction.cpp">
      <Filter>Source Files</Filter>
    </ClCompile>
    <ClCompile Include="Emulator\DMA\Channel.cpp">
      <Filter>Source Files</Filter>
    </ClCompile>
    <ClCompile Include="Emulator\DMA\Dma.cpp">
      <Filter>Source Files</Filter>
    </ClCompile>
    <ClCompile Include="Emulator\GPU\Gpu.cpp">
      <Filter>Source Files</Filter>
    </ClCompile>
    <ClCompile Include="Emulator\GPU\Rendering\Buffer.cpp">
      <Filter>Source Files</Filter>
    </ClCompile>
    <ClCompile Include="Emulator\GPU\Rendering\Renderer.cpp">
      <Filter>Source Files</Filter>
    </ClCompile>
    <ClCompile Include="Emulator\GPU\VRAM.cpp">
      <Filter>Source Files</Filter>
    </ClCompile>
    <ClCompile Include="Emulator\Memory\CDROM\CDROM.cpp">
      <Filter>Source Files</Filter>
    </ClCompile>
    <ClCompile Include="Emulator\Memory\CDROM\Disk.cpp">
      <Filter>Source Files</Filter>
    </ClCompile>
    <ClCompile Include="Emulator\Memory\CDROM\Sector.cpp">
      <Filter>Source Files</Filter>
    </ClCompile>
    <ClCompile Include="Emulator\Memory\CDROM\TrackBuilder.cpp">
      <Filter>Source Files</Filter>
    </ClCompile>
    <ClCompile Include="Emulator\Memory\IO\Joypad.cpp">
      <Filter>Source Files</Filter>
    </ClCompile>
    <ClCompile Include="Emulator\SPU\SPU.cpp">
      <Filter>Source Files</Filter>
    </ClCompile>
    <ClCompile Include="Emulator\Core\Core.cpp">
      <Filter>Source Files</Filter>
    </ClCompile>
    <ClCompile Include="Emulator\Memory\Bios\Bios.cpp">
      <Filter>Source Files</Filter>
    </ClCompile>
    <ClCompile Include="Emulator\Memory\interconnect.cpp">
      <Filter>Source Files</Filter>
    </ClCompile>
    <ClCompile Include="Emulator\Memory\IO\SIO.cpp">
      <Filter>Source Files</Filter>
    </ClCompile>
    <ClCompile Include="Emulator\Memory\Memories\Ram.cpp">
      <Filter>Source Files</Filter>
    </ClCompile>
    <ClCompile Include="Emulator\Memory\Memories\ScratchPad.cpp">
      <Filter>Source Files</Filter>
    </ClCompile>
    <ClCompile Include="Emulator\Memory\Timers\Timer.cpp">
      <Filter>Source Files</Filter>
    </ClCompile>
    <ClCompile Include="Emulator\Memory\Timers\Timers.cpp">
      <Filter>Source Files</Filter>
    </ClCompile>
  </ItemGroup>
  <ItemGroup>
    <ClInclude Include="Emulator\CPU\COP\COP2.h">
      <Filter>Header Files</Filter>
    </ClInclude>
    <ClInclude Include="Emulator\CPU\CPU.h">
      <Filter>Header Files</Filter>
    </ClInclude>
    <ClInclude Include="Emulator\CPU\Instruction.h">
      <Filter>Header Files</Filter>
    </ClInclude>
    <ClInclude Include="Emulator\DMA\Attributes.h">
      <Filter>Header Files</Filter>
    </ClInclude>
    <ClInclude Include="Emulator\DMA\Channel.h">
      <Filter>Header Files</Filter>
    </ClInclude>
    <ClInclude Include="Emulator\DMA\Dma.h">
      <Filter>Header Files</Filter>
    </ClInclude>
    <ClInclude Include="Emulator\GPU\Gpu.h">
      <Filter>Header Files</Filter>
    </ClInclude>
    <ClInclude Include="Emulator\GPU\Rendering\Buffer.h">
      <Filter>Header Files</Filter>
    </ClInclude>
    <ClInclude Include="Emulator\GPU\Rendering\Renderer.h">
      <Filter>Header Files</Filter>
    </ClInclude>
    <ClInclude Include="Emulator\GPU\VRAM.h">
      <Filter>Header Files</Filter>
    </ClInclude>
    <ClInclude Include="Emulator\Memory\CDROM\CDROM.h">
      <Filter>Header Files</Filter>
    </ClInclude>
    <ClInclude Include="Emulator\Memory\CDROM\Disk.h">
      <Filter>Header Files</Filter>
    </ClInclude>
    <ClInclude Include="Emulator\Memory\CDROM\Sector.h">
      <Filter>Header Files</Filter>
    </ClInclude>
    <ClInclude Include="Emulator\Memory\CDROM\TrackBuilder.h">
      <Filter>Header Files</Filter>
    </ClInclude>
    <ClInclude Include="Emulator\Memory\IO\Joypad.h">
      <Filter>Header Files</Filter>
    </ClInclude>
    <ClInclude Include="Emulator\Memory\IRQ.h">
      <Filter>Header Files</Filter>
    </ClInclude>
    <ClInclude Include="Emulator\SPU\SPU.h">
      <Filter>Header Files</Filter>
    </ClInclude>
    <ClInclude Include="Emulator\Core\Scheduler.h">
      <Filter>Header Files</Filter>
    </ClInclude>
    <ClInclude Include="Emulator\Memory\Bios\Bios.h">
      <Filter>Header Files</Filter>
    </ClInclude>
    <ClInclude Include="Emulator\Memory\interconnect.h">
      <Filter>Header Files</Filter>
    </ClInclude>
    <ClInclude Include="Emulator\Memory\IO\SIO.h">
      <Filter>Header Files</Filter>
    </ClInclude>
    <ClInclude Include="Emulator\Memory\Memories\Ram.h">
      <Filter>Header Files</Filter>
    </ClInclude>
    <ClInclude Include="Emulator\Memory\Range.h">
      <Filter>Header Files</Filter>
    </ClInclude>
    <ClInclude Include="Emulator\Memory\Memories\ScratchPad.h">
      <Filter>Header Files</Filter>
    </ClInclude>
    <ClInclude Include="Emulator\Memory\Timers\Timer.h">
      <Filter>Header Files</Filter>
    </ClInclude>
    <ClInclude Include="Emulator\Memory\Timers\Timers.h">
      <Filter>Header Files</Filter>
    </ClInclude>
    <ClInclude Include="Emulator\Utils\Bitwise.h">
      <Filter>Header Files</Filter>
    </ClInclude>
  </ItemGroup>
</Project>